// !$*UTF8*$!
{
	archiveVersion = 1;
	classes = {
	};
	objectVersion = 50;
	objects = {

/* Begin PBXBuildFile section */
		C373D8AC237E9EF1007C2B0B /* AppDelegate.swift in Sources */ = {isa = PBXBuildFile; fileRef = C373D8AB237E9EF1007C2B0B /* AppDelegate.swift */; };
		C373D8AE237E9EF1007C2B0B /* SceneDelegate.swift in Sources */ = {isa = PBXBuildFile; fileRef = C373D8AD237E9EF1007C2B0B /* SceneDelegate.swift */; };
		C373D8B0237E9EF1007C2B0B /* ViewController.swift in Sources */ = {isa = PBXBuildFile; fileRef = C373D8AF237E9EF1007C2B0B /* ViewController.swift */; };
		C373D8B3237E9EF1007C2B0B /* Main.storyboard in Resources */ = {isa = PBXBuildFile; fileRef = C373D8B1237E9EF1007C2B0B /* Main.storyboard */; };
		C373D8B5237E9EF7007C2B0B /* Assets.xcassets in Resources */ = {isa = PBXBuildFile; fileRef = C373D8B4237E9EF7007C2B0B /* Assets.xcassets */; };
		C373D8B8237E9EF7007C2B0B /* LaunchScreen.storyboard in Resources */ = {isa = PBXBuildFile; fileRef = C373D8B6237E9EF7007C2B0B /* LaunchScreen.storyboard */; };
/* End PBXBuildFile section */

/* Begin PBXFileReference section */
		C373D8A8237E9EF1007C2B0B /* StoresImage.app */ = {isa = PBXFileReference; explicitFileType = wrapper.application; includeInIndex = 0; path = StoresImage.app; sourceTree = BUILT_PRODUCTS_DIR; };
		C373D8AB237E9EF1007C2B0B /* AppDelegate.swift */ = {isa = PBXFileReference; lastKnownFileType = sourcecode.swift; path = AppDelegate.swift; sourceTree = "<group>"; };
		C373D8AD237E9EF1007C2B0B /* SceneDelegate.swift */ = {isa = PBXFileReference; lastKnownFileType = sourcecode.swift; path = SceneDelegate.swift; sourceTree = "<group>"; };
		C373D8AF237E9EF1007C2B0B /* ViewController.swift */ = {isa = PBXFileReference; lastKnownFileType = sourcecode.swift; path = ViewController.swift; sourceTree = "<group>"; };
		C373D8B2237E9EF1007C2B0B /* Base */ = {isa = PBXFileReference; lastKnownFileType = file.storyboard; name = Base; path = Base.lproj/Main.storyboard; sourceTree = "<group>"; };
		C373D8B4237E9EF7007C2B0B /* Assets.xcassets */ = {isa = PBXFileReference; lastKnownFileType = folder.assetcatalog; path = Assets.xcassets; sourceTree = "<group>"; };
		C373D8B7237E9EF7007C2B0B /* Base */ = {isa = PBXFileReference; lastKnownFileType = file.storyboard; name = Base; path = Base.lproj/LaunchScreen.storyboard; sourceTree = "<group>"; };
		C373D8B9237E9EF7007C2B0B /* Info.plist */ = {isa = PBXFileReference; lastKnownFileType = text.plist.xml; path = Info.plist; sourceTree = "<group>"; };
/* End PBXFileReference section */

/* Begin PBXFrameworksBuildPhase section */
		C373D8A5237E9EF1007C2B0B /* Frameworks */ = {
			isa = PBXFrameworksBuildPhase;
			buildActionMask = 2147483647;
			files = (
			);
			runOnlyForDeploymentPostprocessing = 0;
		};
/* End PBXFrameworksBuildPhase section */

/* Begin PBXGroup section */
		C373D89F237E9EF1007C2B0B = {
			isa = PBXGroup;
			children = (
				C373D8AA237E9EF1007C2B0B /* StoresImage */,
				C373D8A9237E9EF1007C2B0B /* Products */,
			);
			sourceTree = "<group>";
		};
		C373D8A9237E9EF1007C2B0B /* Products */ = {
			isa = PBXGroup;
			children = (
				C373D8A8237E9EF1007C2B0B /* StoresImage.app */,
			);
			name = Products;
			sourceTree = "<group>";
		};
		C373D8AA237E9EF1007C2B0B /* StoresImage */ = {
			isa = PBXGroup;
			children = (
				C373D8AB237E9EF1007C2B0B /* AppDelegate.swift */,
				C373D8AD237E9EF1007C2B0B /* SceneDelegate.swift */,
				C373D8AF237E9EF1007C2B0B /* ViewController.swift */,
				C373D8B1237E9EF1007C2B0B /* Main.storyboard */,
				C373D8B4237E9EF7007C2B0B /* Assets.xcassets */,
				C373D8B6237E9EF7007C2B0B /* LaunchScreen.storyboard */,
				C373D8B9237E9EF7007C2B0B /* Info.plist */,
			);
			path = StoresImage;
			sourceTree = "<group>";
		};
/* End PBXGroup section */

/* Begin PBXNativeTarget section */
		C373D8A7237E9EF1007C2B0B /* StoresImage */ = {
			isa = PBXNativeTarget;
			buildConfigurationList = C373D8BC237E9EF7007C2B0B /* Build configuration list for PBXNativeTarget "StoresImage" */;
			buildPhases = (
				C373D8A4237E9EF1007C2B0B /* Sources */,
				C373D8A5237E9EF1007C2B0B /* Frameworks */,
				C373D8A6237E9EF1007C2B0B /* Resources */,
			);
			buildRules = (
			);
			dependencies = (
			);
			name = StoresImage;
			productName = StoresImage;
			productReference = C373D8A8237E9EF1007C2B0B /* StoresImage.app */;
			productType = "com.apple.product-type.application";
		};
/* End PBXNativeTarget section */

/* Begin PBXProject section */
		C373D8A0237E9EF1007C2B0B /* Project object */ = {
			isa = PBXProject;
			attributes = {
				LastSwiftUpdateCheck = 1120;
				LastUpgradeCheck = 1120;
				ORGANIZATIONNAME = Vision;
				TargetAttributes = {
					C373D8A7237E9EF1007C2B0B = {
						CreatedOnToolsVersion = 11.2;
					};
				};
			};
			buildConfigurationList = C373D8A3237E9EF1007C2B0B /* Build configuration list for PBXProject "StoresImage" */;
			compatibilityVersion = "Xcode 9.3";
			developmentRegion = en;
			hasScannedForEncodings = 0;
			knownRegions = (
				en,
				Base,
			);
			mainGroup = C373D89F237E9EF1007C2B0B;
			productRefGroup = C373D8A9237E9EF1007C2B0B /* Products */;
			projectDirPath = "";
			projectRoot = "";
			targets = (
				C373D8A7237E9EF1007C2B0B /* StoresImage */,
			);
		};
/* End PBXProject section */

/* Begin PBXResourcesBuildPhase section */
		C373D8A6237E9EF1007C2B0B /* Resources */ = {
			isa = PBXResourcesBuildPhase;
			buildActionMask = 2147483647;
			files = (
				C373D8B8237E9EF7007C2B0B /* LaunchScreen.storyboard in Resources */,
				C373D8B5237E9EF7007C2B0B /* Assets.xcassets in Resources */,
				C373D8B3237E9EF1007C2B0B /* Main.storyboard in Resources */,
			);
			runOnlyForDeploymentPostprocessing = 0;
		};
/* End PBXResourcesBuildPhase section */

/* Begin PBXSourcesBuildPhase section */
		C373D8A4237E9EF1007C2B0B /* Sources */ = {
			isa = PBXSourcesBuildPhase;
			buildActionMask = 2147483647;
			files = (
				C373D8B0237E9EF1007C2B0B /* ViewController.swift in Sources */,
				C373D8AC237E9EF1007C2B0B /* AppDelegate.swift in Sources */,
				C373D8AE237E9EF1007C2B0B /* SceneDelegate.swift in Sources */,
			);
			runOnlyForDeploymentPostprocessing = 0;
		};
/* End PBXSourcesBuildPhase section */

/* Begin PBXVariantGroup section */
		C373D8B1237E9EF1007C2B0B /* Main.storyboard */ = {
			isa = PBXVariantGroup;
			children = (
				C373D8B2237E9EF1007C2B0B /* Base */,
			);
			name = Main.storyboard;
			sourceTree = "<group>";
		};
		C373D8B6237E9EF7007C2B0B /* LaunchScreen.storyboard */ = {
			isa = PBXVariantGroup;
			children = (
				C373D8B7237E9EF7007C2B0B /* Base */,
			);
			name = LaunchScreen.storyboard;
			sourceTree = "<group>";
		};
/* End PBXVariantGroup section */

/* Begin XCBuildConfiguration section */
		C373D8BA237E9EF7007C2B0B /* Debug */ = {
			isa = XCBuildConfiguration;
			buildSettings = {
				ALWAYS_SEARCH_USER_PATHS = NO;
				CLANG_ANALYZER_NONNULL = YES;
				CLANG_ANALYZER_NUMBER_OBJECT_CONVERSION = YES_AGGRESSIVE;
				CLANG_CXX_LANGUAGE_STANDARD = "gnu++14";
				CLANG_CXX_LIBRARY = "libc++";
				CLANG_ENABLE_MODULES = YES;
				CLANG_ENABLE_OBJC_ARC = YES;
				CLANG_ENABLE_OBJC_WEAK = YES;
				CLANG_WARN_BLOCK_CAPTURE_AUTORELEASING = YES;
				CLANG_WARN_BOOL_CONVERSION = YES;
				CLANG_WARN_COMMA = YES;
				CLANG_WARN_CONSTANT_CONVERSION = YES;
				CLANG_WARN_DEPRECATED_OBJC_IMPLEMENTATIONS = YES;
				CLANG_WARN_DIRECT_OBJC_ISA_USAGE = YES_ERROR;
				CLANG_WARN_DOCUMENTATION_COMMENTS = YES;
				CLANG_WARN_EMPTY_BODY = YES;
				CLANG_WARN_ENUM_CONVERSION = YES;
				CLANG_WARN_INFINITE_RECURSION = YES;
				CLANG_WARN_INT_CONVERSION = YES;
				CLANG_WARN_NON_LITERAL_NULL_CONVERSION = YES;
				CLANG_WARN_OBJC_IMPLICIT_RETAIN_SELF = YES;
				CLANG_WARN_OBJC_LITERAL_CONVERSION = YES;
				CLANG_WARN_OBJC_ROOT_CLASS = YES_ERROR;
				CLANG_WARN_RANGE_LOOP_ANALYSIS = YES;
				CLANG_WARN_STRICT_PROTOTYPES = YES;
				CLANG_WARN_SUSPICIOUS_MOVE = YES;
				CLANG_WARN_UNGUARDED_AVAILABILITY = YES_AGGRESSIVE;
				CLANG_WARN_UNREACHABLE_CODE = YES;
				CLANG_WARN__DUPLICATE_METHOD_MATCH = YES;
				COPY_PHASE_STRIP = NO;
				DEBUG_INFORMATION_FORMAT = dwarf;
				ENABLE_STRICT_OBJC_MSGSEND = YES;
				ENABLE_TESTABILITY = YES;
				GCC_C_LANGUAGE_STANDARD = gnu11;
				GCC_DYNAMIC_NO_PIC = NO;
				GCC_NO_COMMON_BLOCKS = YES;
				GCC_OPTIMIZATION_LEVEL = 0;
				GCC_PREPROCESSOR_DEFINITIONS = (
					"DEBUG=1",
					"$(inherited)",
				);
				GCC_WARN_64_TO_32_BIT_CONVERSION = YES;
				GCC_WARN_ABOUT_RETURN_TYPE = YES_ERROR;
				GCC_WARN_UNDECLARED_SELECTOR = YES;
				GCC_WARN_UNINITIALIZED_AUTOS = YES_AGGRESSIVE;
				GCC_WARN_UNUSED_FUNCTION = YES;
				GCC_WARN_UNUSED_VARIABLE = YES;
				IPHONEOS_DEPLOYMENT_TARGET = 13.2;
				MTL_ENABLE_DEBUG_INFO = INCLUDE_SOURCE;
				MTL_FAST_MATH = YES;
				ONLY_ACTIVE_ARCH = YES;
				SDKROOT = iphoneos;
				SWIFT_ACTIVE_COMPILATION_CONDITIONS = DEBUG;
				SWIFT_OPTIMIZATION_LEVEL = "-Onone";
			};
			name = Debug;
		};
		C373D8BB237E9EF7007C2B0B /* Release */ = {
			isa = XCBuildConfiguration;
			buildSettings = {
				ALWAYS_SEARCH_USER_PATHS = NO;
				CLANG_ANALYZER_NONNULL = YES;
				CLANG_ANALYZER_NUMBER_OBJECT_CONVERSION = YES_AGGRESSIVE;
				CLANG_CXX_LANGUAGE_STANDARD = "gnu++14";
				CLANG_CXX_LIBRARY = "libc++";
				CLANG_ENABLE_MODULES = YES;
				CLANG_ENABLE_OBJC_ARC = YES;
				CLANG_ENABLE_OBJC_WEAK = YES;
				CLANG_WARN_BLOCK_CAPTURE_AUTORELEASING = YES;
				CLANG_WARN_BOOL_CONVERSION = YES;
				CLANG_WARN_COMMA = YES;
				CLANG_WARN_CONSTANT_CONVERSION = YES;
				CLANG_WARN_DEPRECATED_OBJC_IMPLEMENTATIONS = YES;
				CLANG_WARN_DIRECT_OBJC_ISA_USAGE = YES_ERROR;
				CLANG_WARN_DOCUMENTATION_COMMENTS = YES;
				CLANG_WARN_EMPTY_BODY = YES;
				CLANG_WARN_ENUM_CONVERSION = YES;
				CLANG_WARN_INFINITE_RECURSION = YES;
				CLANG_WARN_INT_CONVERSION = YES;
				CLANG_WARN_NON_LITERAL_NULL_CONVERSION = YES;
				CLANG_WARN_OBJC_IMPLICIT_RETAIN_SELF = YES;
				CLANG_WARN_OBJC_LITERAL_CONVERSION = YES;
				CLANG_WARN_OBJC_ROOT_CLASS = YES_ERROR;
				CLANG_WARN_RANGE_LOOP_ANALYSIS = YES;
				CLANG_WARN_STRICT_PROTOTYPES = YES;
				CLANG_WARN_SUSPICIOUS_MOVE = YES;
				CLANG_WARN_UNGUARDED_AVAILABILITY = YES_AGGRESSIVE;
				CLANG_WARN_UNREACHABLE_CODE = YES;
				CLANG_WARN__DUPLICATE_METHOD_MATCH = YES;
				COPY_PHASE_STRIP = NO;
				DEBUG_INFORMATION_FORMAT = "dwarf-with-dsym";
				ENABLE_NS_ASSERTIONS = NO;
				ENABLE_STRICT_OBJC_MSGSEND = YES;
				GCC_C_LANGUAGE_STANDARD = gnu11;
				GCC_NO_COMMON_BLOCKS = YES;
				GCC_WARN_64_TO_32_BIT_CONVERSION = YES;
				GCC_WARN_ABOUT_RETURN_TYPE = YES_ERROR;
				GCC_WARN_UNDECLARED_SELECTOR = YES;
				GCC_WARN_UNINITIALIZED_AUTOS = YES_AGGRESSIVE;
				GCC_WARN_UNUSED_FUNCTION = YES;
				GCC_WARN_UNUSED_VARIABLE = YES;
				IPHONEOS_DEPLOYMENT_TARGET = 13.2;
				MTL_ENABLE_DEBUG_INFO = NO;
				MTL_FAST_MATH = YES;
				SDKROOT = iphoneos;
				SWIFT_COMPILATION_MODE = wholemodule;
				SWIFT_OPTIMIZATION_LEVEL = "-O";
				VALIDATE_PRODUCT = YES;
			};
			name = Release;
		};
		C373D8BD237E9EF7007C2B0B /* Debug */ = {
			isa = XCBuildConfiguration;
			buildSettings = {
				ASSETCATALOG_COMPILER_APPICON_NAME = AppIcon;
				CODE_SIGN_STYLE = Automatic;
				INFOPLIST_FILE = StoresImage/Info.plist;
				LD_RUNPATH_SEARCH_PATHS = (
					"$(inherited)",
					"@executable_path/Frameworks",
				);
				PRODUCT_BUNDLE_IDENTIFIER = com.thanhnm.StoresImage;
				PRODUCT_NAME = "$(TARGET_NAME)";
				SWIFT_VERSION = 5.0;
				TARGETED_DEVICE_FAMILY = "1,2";
			};
			name = Debug;
		};
		C373D8BE237E9EF7007C2B0B /* Release */ = {
			isa = XCBuildConfiguration;
			buildSettings = {
				ASSETCATALOG_COMPILER_APPICON_NAME = AppIcon;
				CODE_SIGN_STYLE = Automatic;
				INFOPLIST_FILE = StoresImage/Info.plist;
				LD_RUNPATH_SEARCH_PATHS = (
					"$(inherited)",
					"@executable_path/Frameworks",
				);
				PRODUCT_BUNDLE_IDENTIFIER = com.thanhnm.StoresImage;
				PRODUCT_NAME = "$(TARGET_NAME)";
				SWIFT_VERSION = 5.0;
				TARGETED_DEVICE_FAMILY = "1,2";
			};
			name = Release;
		};
/* End XCBuildConfiguration section */

/* Begin XCConfigurationList section */
		C373D8A3237E9EF1007C2B0B /* Build configuration list for PBXProject "StoresImage" */ = {
			isa = XCConfigurationList;
			buildConfigurations = (
				C373D8BA237E9EF7007C2B0B /* Debug */,
				C373D8BB237E9EF7007C2B0B /* Release */,
			);
			defaultConfigurationIsVisible = 0;
			defaultConfigurationName = Release;
		};
		C373D8BC237E9EF7007C2B0B /* Build configuration list for PBXNativeTarget "StoresImage" */ = {
			isa = XCConfigurationList;
			buildConfigurations = (
				C373D8BD237E9EF7007C2B0B /* Debug */,
				C373D8BE237E9EF7007C2B0B /* Release */,
			);
			defaultConfigurationIsVisible = 0;
			defaultConfigurationName = Release;
		};
/* End XCConfigurationList section */
	};
	rootObject = C373D8A0237E9EF1007C2B0B /* Project object */;
}
